
Microsoft Visual Studio Solution File, Format Version 12.00
# Visual Studio 15
VisualStudioVersion = 15.0.26124.0
MinimumVisualStudioVersion = 15.0.26124.0
Project("{FAE04EC0-301F-11D3-BF4B-00C04F79EFBC}") = "DIP", "DIP\DIP.csproj", "{5ADAABF3-7F47-4123-A76E-9AEB2415BD9D}"
EndProject
Project("{FAE04EC0-301F-11D3-BF4B-00C04F79EFBC}") = "DIP_Test", "DIP_Test\DIP_Test.csproj", "{D934DE49-87C5-4294-A43D-41B8EA0CDA1D}"
EndProject
Global
	GlobalSection(SolutionConfigurationPlatforms) = preSolution
		Debug|Any CPU = Debug|Any CPU
		Debug|x64 = Debug|x64
		Debug|x86 = Debug|x86
		Release|Any CPU = Release|Any CPU
		Release|x64 = Release|x64
		Release|x86 = Release|x86
	EndGlobalSection
	GlobalSection(SolutionProperties) = preSolution
		HideSolutionNode = FALSE
	EndGlobalSection
	GlobalSection(ProjectConfigurationPlatforms) = postSolution
		{5ADAABF3-7F47-4123-A76E-9AEB2415BD9D}.Debug|Any CPU.ActiveCfg = Debug|Any CPU
		{5ADAABF3-7F47-4123-A76E-9AEB2415BD9D}.Debug|Any CPU.Build.0 = Debug|Any CPU
		{5ADAABF3-7F47-4123-A76E-9AEB2415BD9D}.Debug|x64.ActiveCfg = Debug|Any CPU
		{5ADAABF3-7F47-4123-A76E-9AEB2415BD9D}.Debug|x64.Build.0 = Debug|Any CPU
		{5ADAABF3-7F47-4123-A76E-9AEB2415BD9D}.Debug|x86.ActiveCfg = Debug|Any CPU
		{5ADAABF3-7F47-4123-A76E-9AEB2415BD9D}.Debug|x86.Build.0 = Debug|Any CPU
		{5ADAABF3-7F47-4123-A76E-9AEB2415BD9D}.Release|Any CPU.ActiveCfg = Release|Any CPU
		{5ADAABF3-7F47-4123-A76E-9AEB2415BD9D}.Release|Any CPU.Build.0 = Release|Any CPU
		{5ADAABF3-7F47-4123-A76E-9AEB2415BD9D}.Release|x64.ActiveCfg = Release|Any CPU
		{5ADAABF3-7F47-4123-A76E-9AEB2415BD9D}.Release|x64.Build.0 = Release|Any CPU
		{5ADAABF3-7F47-4123-A76E-9AEB2415BD9D}.Release|x86.ActiveCfg = Release|Any CPU
		{5ADAABF3-7F47-4123-A76E-9AEB2415BD9D}.Release|x86.Build.0 = Release|Any CPU
		{D934DE49-87C5-4294-A43D-41B8EA0CDA1D}.Debug|Any CPU.ActiveCfg = Debug|Any CPU
		{D934DE49-87C5-4294-A43D-41B8EA0CDA1D}.Debug|Any CPU.Build.0 = Debug|Any CPU
		{D934DE49-87C5-4294-A43D-41B8EA0CDA1D}.Debug|x64.ActiveCfg = Debug|Any CPU
		{D934DE49-87C5-4294-A43D-41B8EA0CDA1D}.Debug|x64.Build.0 = Debug|Any CPU
		{D934DE49-87C5-4294-A43D-41B8EA0CDA1D}.Debug|x86.ActiveCfg = Debug|Any CPU
		{D934DE49-87C5-4294-A43D-41B8EA0CDA1D}.Debug|x86.Build.0 = Debug|Any CPU
		{D934DE49-87C5-4294-A43D-41B8EA0CDA1D}.Release|Any CPU.ActiveCfg = Release|Any CPU
		{D934DE49-87C5-4294-A43D-41B8EA0CDA1D}.Release|Any CPU.Build.0 = Release|Any CPU
		{D934DE49-87C5-4294-A43D-41B8EA0CDA1D}.Release|x64.ActiveCfg = Release|Any CPU
		{D934DE49-87C5-4294-A43D-41B8EA0CDA1D}.Release|x64.Build.0 = Release|Any CPU
		{D934DE49-87C5-4294-A43D-41B8EA0CDA1D}.Release|x86.ActiveCfg = Release|Any CPU
		{D934DE49-87C5-4294-A43D-41B8EA0CDA1D}.Release|x86.Build.0 = Release|Any CPU
	EndGlobalSection
EndGlobal
